
Microsoft Visual Studio Solution File, Format Version 12.00
# Visual Studio 2012
Project("{FAE04EC0-301F-11D3-BF4B-00C04F79EFBC}") = "DCP", "DCP.csproj", "{021C80C0-A72A-4EB6-B32A-B493B31CFA2A}"
EndProject
Global
	GlobalSection(SolutionConfigurationPlatforms) = preSolution
		Debug|Any CPU = Debug|Any CPU
		Release|Any CPU = Release|Any CPU
	EndGlobalSection
	GlobalSection(ProjectConfigurationPlatforms) = postSolution
		{021C80C0-A72A-4EB6-B32A-B493B31CFA2A}.Debug|Any CPU.ActiveCfg = Debug|Any CPU
		{021C80C0-A72A-4EB6-B32A-B493B31CFA2A}.Debug|Any CPU.Build.0 = Debug|Any CPU
		{021C80C0-A72A-4EB6-B32A-B493B31CFA2A}.Release|Any CPU.ActiveCfg = Release|Any CPU
		{021C80C0-A72A-4EB6-B32A-B493B31CFA2A}.Release|Any CPU.Build.0 = Release|Any CPU
	EndGlobalSection
	GlobalSection(SolutionProperties) = preSolution
		HideSolutionNode = FALSE
	EndGlobalSection
EndGlobal
